
Microsoft Visual Studio Solution File, Format Version 12.00
# Visual Studio Version 16
VisualStudioVersion = 16.0.29709.97
MinimumVisualStudioVersion = 10.0.40219.1
Project("{FAE04EC0-301F-11D3-BF4B-00C04F79EFBC}") = "Go6oClient.Api", "Go6oClient.Api\Go6oClient.Api.csproj", "{5B5F985E-0A34-4125-A68E-31F85B20FBBC}"
EndProject
Global
	GlobalSection(SolutionConfigurationPlatforms) = preSolution
		Debug|Any CPU = Debug|Any CPU
		Release|Any CPU = Release|Any CPU
	EndGlobalSection
	GlobalSection(ProjectConfigurationPlatforms) = postSolution
		{5B5F985E-0A34-4125-A68E-31F85B20FBBC}.Debug|Any CPU.ActiveCfg = Debug|Any CPU
		{5B5F985E-0A34-4125-A68E-31F85B20FBBC}.Debug|Any CPU.Build.0 = Debug|Any CPU
		{5B5F985E-0A34-4125-A68E-31F85B20FBBC}.Release|Any CPU.ActiveCfg = Release|Any CPU
		{5B5F985E-0A34-4125-A68E-31F85B20FBBC}.Release|Any CPU.Build.0 = Release|Any CPU
	EndGlobalSection
	GlobalSection(SolutionProperties) = preSolution
		HideSolutionNode = FALSE
	EndGlobalSection
	GlobalSection(ExtensibilityGlobals) = postSolution
		SolutionGuid = {17D55BF4-7CB3-417F-A6ED-BCEED722B9DD}
	EndGlobalSection
EndGlobal
